// !$*UTF8*$!
{
	archiveVersion = 1;
	classes = {
	};
	objectVersion = 56;
	objects = {

/* Begin PBXBuildFile section */
		FC9FB2C62BA5604F00505491 /* AppDelegate.swift in Sources */ = {isa = PBXBuildFile; fileRef = FC9FB2C52BA5604F00505491 /* AppDelegate.swift */; };
		FC9FB2C82BA5604F00505491 /* SceneDelegate.swift in Sources */ = {isa = PBXBuildFile; fileRef = FC9FB2C72BA5604F00505491 /* SceneDelegate.swift */; };
		FC9FB2CA2BA5604F00505491 /* PhotosVC.swift in Sources */ = {isa = PBXBuildFile; fileRef = FC9FB2C92BA5604F00505491 /* PhotosVC.swift */; };
		FC9FB2CD2BA5604F00505491 /* Main.storyboard in Resources */ = {isa = PBXBuildFile; fileRef = FC9FB2CB2BA5604F00505491 /* Main.storyboard */; };
		FC9FB2D02BA5604F00505491 /* Gallery_App.xcdatamodeld in Sources */ = {isa = PBXBuildFile; fileRef = FC9FB2CE2BA5604F00505491 /* Gallery_App.xcdatamodeld */; };
		FC9FB2D22BA5605000505491 /* Assets.xcassets in Resources */ = {isa = PBXBuildFile; fileRef = FC9FB2D12BA5605000505491 /* Assets.xcassets */; };
		FC9FB2D52BA5605000505491 /* LaunchScreen.storyboard in Resources */ = {isa = PBXBuildFile; fileRef = FC9FB2D32BA5605000505491 /* LaunchScreen.storyboard */; };
		FC9FB2E52BA5677200505491 /* Observable.swift in Sources */ = {isa = PBXBuildFile; fileRef = FC9FB2E42BA5677200505491 /* Observable.swift */; };
		FC9FB2E72BA567A100505491 /* PhotosViewModel.swift in Sources */ = {isa = PBXBuildFile; fileRef = FC9FB2E62BA567A100505491 /* PhotosViewModel.swift */; };
		FC9FB2E92BA5685800505491 /* PhotosResource.swift in Sources */ = {isa = PBXBuildFile; fileRef = FC9FB2E82BA5685800505491 /* PhotosResource.swift */; };
		FC9FB2EB2BA568B400505491 /* PhotosResponse.swift in Sources */ = {isa = PBXBuildFile; fileRef = FC9FB2EA2BA568B400505491 /* PhotosResponse.swift */; };
		FC9FB2ED2BA569C800505491 /* ApiEndpoints.swift in Sources */ = {isa = PBXBuildFile; fileRef = FC9FB2EC2BA569C800505491 /* ApiEndpoints.swift */; };
		FC9FB2EF2BA56A1600505491 /* HttpUtility.swift in Sources */ = {isa = PBXBuildFile; fileRef = FC9FB2EE2BA56A1600505491 /* HttpUtility.swift */; };
		FC9FB2F12BA56B0C00505491 /* Constant.swift in Sources */ = {isa = PBXBuildFile; fileRef = FC9FB2F02BA56B0C00505491 /* Constant.swift */; };
		FC9FB2F52BA5748A00505491 /* ListViewCell.swift in Sources */ = {isa = PBXBuildFile; fileRef = FC9FB2F32BA5748A00505491 /* ListViewCell.swift */; };
		FC9FB2F62BA5748A00505491 /* ListViewCell.xib in Resources */ = {isa = PBXBuildFile; fileRef = FC9FB2F42BA5748A00505491 /* ListViewCell.xib */; };
		FC9FB2F92BA57FD300505491 /* PhotosTableDataSource.swift in Sources */ = {isa = PBXBuildFile; fileRef = FC9FB2F82BA57FD300505491 /* PhotosTableDataSource.swift */; };
		FC9FB2FB2BA583D800505491 /* Extension.swift in Sources */ = {isa = PBXBuildFile; fileRef = FC9FB2FA2BA583D800505491 /* Extension.swift */; };
		FC9FB2FD2BA5880400505491 /* PhotosTableTableDelegate.swift in Sources */ = {isa = PBXBuildFile; fileRef = FC9FB2FC2BA5880400505491 /* PhotosTableTableDelegate.swift */; };
		FC9FB2FF2BA58B5A00505491 /* ImageDownloader.swift in Sources */ = {isa = PBXBuildFile; fileRef = FC9FB2FE2BA58B5A00505491 /* ImageDownloader.swift */; };
		FC9FB3022BA59B6000505491 /* PhotosCollectionDataSource.swift in Sources */ = {isa = PBXBuildFile; fileRef = FC9FB3012BA59B6000505491 /* PhotosCollectionDataSource.swift */; };
		FC9FB3042BA59BBA00505491 /* PhotosCollectionDelegate.swift in Sources */ = {isa = PBXBuildFile; fileRef = FC9FB3032BA59BBA00505491 /* PhotosCollectionDelegate.swift */; };
		FC9FB3072BA59C0100505491 /* GridViewCell.swift in Sources */ = {isa = PBXBuildFile; fileRef = FC9FB3052BA59C0100505491 /* GridViewCell.swift */; };
		FC9FB3082BA59C0100505491 /* GridViewCell.xib in Resources */ = {isa = PBXBuildFile; fileRef = FC9FB3062BA59C0100505491 /* GridViewCell.xib */; };
		FC9FB30C2BA5B52100505491 /* PreviewVC.swift in Sources */ = {isa = PBXBuildFile; fileRef = FC9FB30B2BA5B52000505491 /* PreviewVC.swift */; };
		FC9FB30E2BA5C03900505491 /* ImageVC.swift in Sources */ = {isa = PBXBuildFile; fileRef = FC9FB30D2BA5C03900505491 /* ImageVC.swift */; };
/* End PBXBuildFile section */

/* Begin PBXFileReference section */
		FC9FB2C22BA5604F00505491 /* Gallery App.app */ = {isa = PBXFileReference; explicitFileType = wrapper.application; includeInIndex = 0; path = "Gallery App.app"; sourceTree = BUILT_PRODUCTS_DIR; };
		FC9FB2C52BA5604F00505491 /* AppDelegate.swift */ = {isa = PBXFileReference; lastKnownFileType = sourcecode.swift; path = AppDelegate.swift; sourceTree = "<group>"; };
		FC9FB2C72BA5604F00505491 /* SceneDelegate.swift */ = {isa = PBXFileReference; lastKnownFileType = sourcecode.swift; path = SceneDelegate.swift; sourceTree = "<group>"; };
		FC9FB2C92BA5604F00505491 /* PhotosVC.swift */ = {isa = PBXFileReference; lastKnownFileType = sourcecode.swift; path = PhotosVC.swift; sourceTree = "<group>"; };
		FC9FB2CC2BA5604F00505491 /* Base */ = {isa = PBXFileReference; lastKnownFileType = file.storyboard; name = Base; path = Base.lproj/Main.storyboard; sourceTree = "<group>"; };
		FC9FB2CF2BA5604F00505491 /* Gallery_App.xcdatamodel */ = {isa = PBXFileReference; lastKnownFileType = wrapper.xcdatamodel; path = Gallery_App.xcdatamodel; sourceTree = "<group>"; };
		FC9FB2D12BA5605000505491 /* Assets.xcassets */ = {isa = PBXFileReference; lastKnownFileType = folder.assetcatalog; path = Assets.xcassets; sourceTree = "<group>"; };
		FC9FB2D42BA5605000505491 /* Base */ = {isa = PBXFileReference; lastKnownFileType = file.storyboard; name = Base; path = Base.lproj/LaunchScreen.storyboard; sourceTree = "<group>"; };
		FC9FB2D62BA5605000505491 /* Info.plist */ = {isa = PBXFileReference; lastKnownFileType = text.plist.xml; path = Info.plist; sourceTree = "<group>"; };
		FC9FB2E42BA5677200505491 /* Observable.swift */ = {isa = PBXFileReference; lastKnownFileType = sourcecode.swift; path = Observable.swift; sourceTree = "<group>"; };
		FC9FB2E62BA567A100505491 /* PhotosViewModel.swift */ = {isa = PBXFileReference; lastKnownFileType = sourcecode.swift; path = PhotosViewModel.swift; sourceTree = "<group>"; };
		FC9FB2E82BA5685800505491 /* PhotosResource.swift */ = {isa = PBXFileReference; lastKnownFileType = sourcecode.swift; path = PhotosResource.swift; sourceTree = "<group>"; };
		FC9FB2EA2BA568B400505491 /* PhotosResponse.swift */ = {isa = PBXFileReference; lastKnownFileType = sourcecode.swift; path = PhotosResponse.swift; sourceTree = "<group>"; };
		FC9FB2EC2BA569C800505491 /* ApiEndpoints.swift */ = {isa = PBXFileReference; lastKnownFileType = sourcecode.swift; path = ApiEndpoints.swift; sourceTree = "<group>"; };
		FC9FB2EE2BA56A1600505491 /* HttpUtility.swift */ = {isa = PBXFileReference; lastKnownFileType = sourcecode.swift; path = HttpUtility.swift; sourceTree = "<group>"; };
		FC9FB2F02BA56B0C00505491 /* Constant.swift */ = {isa = PBXFileReference; lastKnownFileType = sourcecode.swift; path = Constant.swift; sourceTree = "<group>"; };
		FC9FB2F32BA5748A00505491 /* ListViewCell.swift */ = {isa = PBXFileReference; lastKnownFileType = sourcecode.swift; path = ListViewCell.swift; sourceTree = "<group>"; };
		FC9FB2F42BA5748A00505491 /* ListViewCell.xib */ = {isa = PBXFileReference; lastKnownFileType = file.xib; path = ListViewCell.xib; sourceTree = "<group>"; };
		FC9FB2F82BA57FD300505491 /* PhotosTableDataSource.swift */ = {isa = PBXFileReference; lastKnownFileType = sourcecode.swift; path = PhotosTableDataSource.swift; sourceTree = "<group>"; };
		FC9FB2FA2BA583D800505491 /* Extension.swift */ = {isa = PBXFileReference; lastKnownFileType = sourcecode.swift; path = Extension.swift; sourceTree = "<group>"; };
		FC9FB2FC2BA5880400505491 /* PhotosTableTableDelegate.swift */ = {isa = PBXFileReference; lastKnownFileType = sourcecode.swift; path = PhotosTableTableDelegate.swift; sourceTree = "<group>"; };
		FC9FB2FE2BA58B5A00505491 /* ImageDownloader.swift */ = {isa = PBXFileReference; lastKnownFileType = sourcecode.swift; path = ImageDownloader.swift; sourceTree = "<group>"; };
		FC9FB3012BA59B6000505491 /* PhotosCollectionDataSource.swift */ = {isa = PBXFileReference; lastKnownFileType = sourcecode.swift; path = PhotosCollectionDataSource.swift; sourceTree = "<group>"; };
		FC9FB3032BA59BBA00505491 /* PhotosCollectionDelegate.swift */ = {isa = PBXFileReference; lastKnownFileType = sourcecode.swift; path = PhotosCollectionDelegate.swift; sourceTree = "<group>"; };
		FC9FB3052BA59C0100505491 /* GridViewCell.swift */ = {isa = PBXFileReference; lastKnownFileType = sourcecode.swift; path = GridViewCell.swift; sourceTree = "<group>"; };
		FC9FB3062BA59C0100505491 /* GridViewCell.xib */ = {isa = PBXFileReference; lastKnownFileType = file.xib; path = GridViewCell.xib; sourceTree = "<group>"; };
		FC9FB30B2BA5B52000505491 /* PreviewVC.swift */ = {isa = PBXFileReference; lastKnownFileType = sourcecode.swift; path = PreviewVC.swift; sourceTree = "<group>"; };
		FC9FB30D2BA5C03900505491 /* ImageVC.swift */ = {isa = PBXFileReference; lastKnownFileType = sourcecode.swift; path = ImageVC.swift; sourceTree = "<group>"; };
/* End PBXFileReference section */

/* Begin PBXFrameworksBuildPhase section */
		FC9FB2BF2BA5604F00505491 /* Frameworks */ = {
			isa = PBXFrameworksBuildPhase;
			buildActionMask = 2147483647;
			files = (
			);
			runOnlyForDeploymentPostprocessing = 0;
		};
/* End PBXFrameworksBuildPhase section */

/* Begin PBXGroup section */
		FC9FB2B92BA5604F00505491 = {
			isa = PBXGroup;
			children = (
				FC9FB2C42BA5604F00505491 /* Gallery App */,
				FC9FB2C32BA5604F00505491 /* Products */,
			);
			sourceTree = "<group>";
		};
		FC9FB2C32BA5604F00505491 /* Products */ = {
			isa = PBXGroup;
			children = (
				FC9FB2C22BA5604F00505491 /* Gallery App.app */,
			);
			name = Products;
			sourceTree = "<group>";
		};
		FC9FB2C42BA5604F00505491 /* Gallery App */ = {
			isa = PBXGroup;
			children = (
				FC9FB2C52BA5604F00505491 /* AppDelegate.swift */,
				FC9FB2C72BA5604F00505491 /* SceneDelegate.swift */,
				FC9FB2DC2BA561F700505491 /* Extension */,
				FC9FB2DD2BA5620500505491 /* Common */,
				FC9FB2DE2BA5621200505491 /* Validation */,
				FC9FB2DF2BA5621B00505491 /* Services */,
				FC9FB2E02BA5622600505491 /* Model */,
				FC9FB2E12BA5623700505491 /* Resource */,
				FC9FB2E22BA5624400505491 /* ViewModel */,
				FC9FB2E32BA566DE00505491 /* View */,
				FC9FB2CB2BA5604F00505491 /* Main.storyboard */,
				FC9FB2D12BA5605000505491 /* Assets.xcassets */,
				FC9FB2D32BA5605000505491 /* LaunchScreen.storyboard */,
				FC9FB2D62BA5605000505491 /* Info.plist */,
				FC9FB2CE2BA5604F00505491 /* Gallery_App.xcdatamodeld */,
			);
			path = "Gallery App";
			sourceTree = "<group>";
		};
		FC9FB2DC2BA561F700505491 /* Extension */ = {
			isa = PBXGroup;
			children = (
				FC9FB2FA2BA583D800505491 /* Extension.swift */,
			);
			path = Extension;
			sourceTree = "<group>";
		};
		FC9FB2DD2BA5620500505491 /* Common */ = {
			isa = PBXGroup;
			children = (
				FC9FB2E42BA5677200505491 /* Observable.swift */,
				FC9FB2EC2BA569C800505491 /* ApiEndpoints.swift */,
				FC9FB2F02BA56B0C00505491 /* Constant.swift */,
			);
			path = Common;
			sourceTree = "<group>";
		};
		FC9FB2DE2BA5621200505491 /* Validation */ = {
			isa = PBXGroup;
			children = (
			);
			path = Validation;
			sourceTree = "<group>";
		};
		FC9FB2DF2BA5621B00505491 /* Services */ = {
			isa = PBXGroup;
			children = (
				FC9FB2EE2BA56A1600505491 /* HttpUtility.swift */,
				FC9FB2FE2BA58B5A00505491 /* ImageDownloader.swift */,
			);
			path = Services;
			sourceTree = "<group>";
		};
		FC9FB2E02BA5622600505491 /* Model */ = {
			isa = PBXGroup;
			children = (
				FC9FB2EA2BA568B400505491 /* PhotosResponse.swift */,
			);
			path = Model;
			sourceTree = "<group>";
		};
		FC9FB2E12BA5623700505491 /* Resource */ = {
			isa = PBXGroup;
			children = (
				FC9FB2E82BA5685800505491 /* PhotosResource.swift */,
			);
			path = Resource;
			sourceTree = "<group>";
		};
		FC9FB2E22BA5624400505491 /* ViewModel */ = {
			isa = PBXGroup;
			children = (
				FC9FB2E62BA567A100505491 /* PhotosViewModel.swift */,
			);
			path = ViewModel;
			sourceTree = "<group>";
		};
		FC9FB2E32BA566DE00505491 /* View */ = {
			isa = PBXGroup;
			children = (
				FC9FB2F72BA57FA200505491 /* PhotosTable */,
				FC9FB2C92BA5604F00505491 /* PhotosVC.swift */,
				FC9FB30B2BA5B52000505491 /* PreviewVC.swift */,
				FC9FB30D2BA5C03900505491 /* ImageVC.swift */,
			);
			path = View;
			sourceTree = "<group>";
		};
		FC9FB2F22BA5745600505491 /* List Cell */ = {
			isa = PBXGroup;
			children = (
				FC9FB2F82BA57FD300505491 /* PhotosTableDataSource.swift */,
				FC9FB2FC2BA5880400505491 /* PhotosTableTableDelegate.swift */,
				FC9FB2F32BA5748A00505491 /* ListViewCell.swift */,
				FC9FB2F42BA5748A00505491 /* ListViewCell.xib */,
			);
			path = "List Cell";
			sourceTree = "<group>";
		};
		FC9FB2F72BA57FA200505491 /* PhotosTable */ = {
			isa = PBXGroup;
			children = (
				FC9FB3002BA59B0800505491 /* Gird View */,
				FC9FB2F22BA5745600505491 /* List Cell */,
			);
			path = PhotosTable;
			sourceTree = "<group>";
		};
		FC9FB3002BA59B0800505491 /* Gird View */ = {
			isa = PBXGroup;
			children = (
				FC9FB3012BA59B6000505491 /* PhotosCollectionDataSource.swift */,
				FC9FB3032BA59BBA00505491 /* PhotosCollectionDelegate.swift */,
				FC9FB3052BA59C0100505491 /* GridViewCell.swift */,
				FC9FB3062BA59C0100505491 /* GridViewCell.xib */,
			);
			path = "Gird View";
			sourceTree = "<group>";
		};
/* End PBXGroup section */

/* Begin PBXNativeTarget section */
		FC9FB2C12BA5604F00505491 /* Gallery App */ = {
			isa = PBXNativeTarget;
			buildConfigurationList = FC9FB2D92BA5605000505491 /* Build configuration list for PBXNativeTarget "Gallery App" */;
			buildPhases = (
				FC9FB2BE2BA5604F00505491 /* Sources */,
				FC9FB2BF2BA5604F00505491 /* Frameworks */,
				FC9FB2C02BA5604F00505491 /* Resources */,
			);
			buildRules = (
			);
			dependencies = (
			);
			name = "Gallery App";
			productName = "Gallery App";
			productReference = FC9FB2C22BA5604F00505491 /* Gallery App.app */;
			productType = "com.apple.product-type.application";
		};
/* End PBXNativeTarget section */

/* Begin PBXProject section */
		FC9FB2BA2BA5604F00505491 /* Project object */ = {
			isa = PBXProject;
			attributes = {
				BuildIndependentTargetsInParallel = 1;
				LastSwiftUpdateCheck = 1500;
				LastUpgradeCheck = 1500;
				TargetAttributes = {
					FC9FB2C12BA5604F00505491 = {
						CreatedOnToolsVersion = 15.0.1;
					};
				};
			};
			buildConfigurationList = FC9FB2BD2BA5604F00505491 /* Build configuration list for PBXProject "Gallery App" */;
			compatibilityVersion = "Xcode 14.0";
			developmentRegion = en;
			hasScannedForEncodings = 0;
			knownRegions = (
				en,
				Base,
			);
			mainGroup = FC9FB2B92BA5604F00505491;
			productRefGroup = FC9FB2C32BA5604F00505491 /* Products */;
			projectDirPath = "";
			projectRoot = "";
			targets = (
				FC9FB2C12BA5604F00505491 /* Gallery App */,
			);
		};
/* End PBXProject section */

/* Begin PBXResourcesBuildPhase section */
		FC9FB2C02BA5604F00505491 /* Resources */ = {
			isa = PBXResourcesBuildPhase;
			buildActionMask = 2147483647;
			files = (
				FC9FB2F62BA5748A00505491 /* ListViewCell.xib in Resources */,
				FC9FB3082BA59C0100505491 /* GridViewCell.xib in Resources */,
				FC9FB2D52BA5605000505491 /* LaunchScreen.storyboard in Resources */,
				FC9FB2D22BA5605000505491 /* Assets.xcassets in Resources */,
				FC9FB2CD2BA5604F00505491 /* Main.storyboard in Resources */,
			);
			runOnlyForDeploymentPostprocessing = 0;
		};
/* End PBXResourcesBuildPhase section */

/* Begin PBXSourcesBuildPhase section */
		FC9FB2BE2BA5604F00505491 /* Sources */ = {
			isa = PBXSourcesBuildPhase;
			buildActionMask = 2147483647;
			files = (
				FC9FB3022BA59B6000505491 /* PhotosCollectionDataSource.swift in Sources */,
				FC9FB2FD2BA5880400505491 /* PhotosTableTableDelegate.swift in Sources */,
				FC9FB30E2BA5C03900505491 /* ImageVC.swift in Sources */,
				FC9FB2F92BA57FD300505491 /* PhotosTableDataSource.swift in Sources */,
				FC9FB2FF2BA58B5A00505491 /* ImageDownloader.swift in Sources */,
				FC9FB2EF2BA56A1600505491 /* HttpUtility.swift in Sources */,
				FC9FB2D02BA5604F00505491 /* Gallery_App.xcdatamodeld in Sources */,
				FC9FB2ED2BA569C800505491 /* ApiEndpoints.swift in Sources */,
				FC9FB3042BA59BBA00505491 /* PhotosCollectionDelegate.swift in Sources */,
				FC9FB2E52BA5677200505491 /* Observable.swift in Sources */,
				FC9FB3072BA59C0100505491 /* GridViewCell.swift in Sources */,
				FC9FB2F52BA5748A00505491 /* ListViewCell.swift in Sources */,
				FC9FB2CA2BA5604F00505491 /* PhotosVC.swift in Sources */,
				FC9FB2EB2BA568B400505491 /* PhotosResponse.swift in Sources */,
				FC9FB2E72BA567A100505491 /* PhotosViewModel.swift in Sources */,
				FC9FB2FB2BA583D800505491 /* Extension.swift in Sources */,
				FC9FB2C62BA5604F00505491 /* AppDelegate.swift in Sources */,
				FC9FB2F12BA56B0C00505491 /* Constant.swift in Sources */,
				FC9FB30C2BA5B52100505491 /* PreviewVC.swift in Sources */,
				FC9FB2E92BA5685800505491 /* PhotosResource.swift in Sources */,
				FC9FB2C82BA5604F00505491 /* SceneDelegate.swift in Sources */,
			);
			runOnlyForDeploymentPostprocessing = 0;
		};
/* End PBXSourcesBuildPhase section */

/* Begin PBXVariantGroup section */
		FC9FB2CB2BA5604F00505491 /* Main.storyboard */ = {
			isa = PBXVariantGroup;
			children = (
				FC9FB2CC2BA5604F00505491 /* Base */,
			);
			name = Main.storyboard;
			sourceTree = "<group>";
		};
		FC9FB2D32BA5605000505491 /* LaunchScreen.storyboard */ = {
			isa = PBXVariantGroup;
			children = (
				FC9FB2D42BA5605000505491 /* Base */,
			);
			name = LaunchScreen.storyboard;
			sourceTree = "<group>";
		};
/* End PBXVariantGroup section */

/* Begin XCBuildConfiguration section */
		FC9FB2D72BA5605000505491 /* Debug */ = {
			isa = XCBuildConfiguration;
			buildSettings = {
				ALWAYS_SEARCH_USER_PATHS = NO;
				ASSETCATALOG_COMPILER_GENERATE_SWIFT_ASSET_SYMBOL_EXTENSIONS = YES;
				CLANG_ANALYZER_NONNULL = YES;
				CLANG_ANALYZER_NUMBER_OBJECT_CONVERSION = YES_AGGRESSIVE;
				CLANG_CXX_LANGUAGE_STANDARD = "gnu++20";
				CLANG_ENABLE_MODULES = YES;
				CLANG_ENABLE_OBJC_ARC = YES;
				CLANG_ENABLE_OBJC_WEAK = YES;
				CLANG_WARN_BLOCK_CAPTURE_AUTORELEASING = YES;
				CLANG_WARN_BOOL_CONVERSION = YES;
				CLANG_WARN_COMMA = YES;
				CLANG_WARN_CONSTANT_CONVERSION = YES;
				CLANG_WARN_DEPRECATED_OBJC_IMPLEMENTATIONS = YES;
				CLANG_WARN_DIRECT_OBJC_ISA_USAGE = YES_ERROR;
				CLANG_WARN_DOCUMENTATION_COMMENTS = YES;
				CLANG_WARN_EMPTY_BODY = YES;
				CLANG_WARN_ENUM_CONVERSION = YES;
				CLANG_WARN_INFINITE_RECURSION = YES;
				CLANG_WARN_INT_CONVERSION = YES;
				CLANG_WARN_NON_LITERAL_NULL_CONVERSION = YES;
				CLANG_WARN_OBJC_IMPLICIT_RETAIN_SELF = YES;
				CLANG_WARN_OBJC_LITERAL_CONVERSION = YES;
				CLANG_WARN_OBJC_ROOT_CLASS = YES_ERROR;
				CLANG_WARN_QUOTED_INCLUDE_IN_FRAMEWORK_HEADER = YES;
				CLANG_WARN_RANGE_LOOP_ANALYSIS = YES;
				CLANG_WARN_STRICT_PROTOTYPES = YES;
				CLANG_WARN_SUSPICIOUS_MOVE = YES;
				CLANG_WARN_UNGUARDED_AVAILABILITY = YES_AGGRESSIVE;
				CLANG_WARN_UNREACHABLE_CODE = YES;
				CLANG_WARN__DUPLICATE_METHOD_MATCH = YES;
				COPY_PHASE_STRIP = NO;
				DEBUG_INFORMATION_FORMAT = dwarf;
				ENABLE_STRICT_OBJC_MSGSEND = YES;
				ENABLE_TESTABILITY = YES;
				ENABLE_USER_SCRIPT_SANDBOXING = YES;
				GCC_C_LANGUAGE_STANDARD = gnu17;
				GCC_DYNAMIC_NO_PIC = NO;
				GCC_NO_COMMON_BLOCKS = YES;
				GCC_OPTIMIZATION_LEVEL = 0;
				GCC_PREPROCESSOR_DEFINITIONS = (
					"DEBUG=1",
					"$(inherited)",
				);
				GCC_WARN_64_TO_32_BIT_CONVERSION = YES;
				GCC_WARN_ABOUT_RETURN_TYPE = YES_ERROR;
				GCC_WARN_UNDECLARED_SELECTOR = YES;
				GCC_WARN_UNINITIALIZED_AUTOS = YES_AGGRESSIVE;
				GCC_WARN_UNUSED_FUNCTION = YES;
				GCC_WARN_UNUSED_VARIABLE = YES;
				IPHONEOS_DEPLOYMENT_TARGET = 17.0;
				LOCALIZATION_PREFERS_STRING_CATALOGS = YES;
				MTL_ENABLE_DEBUG_INFO = INCLUDE_SOURCE;
				MTL_FAST_MATH = YES;
				ONLY_ACTIVE_ARCH = YES;
				SDKROOT = iphoneos;
				SWIFT_ACTIVE_COMPILATION_CONDITIONS = "DEBUG $(inherited)";
				SWIFT_OPTIMIZATION_LEVEL = "-Onone";
			};
			name = Debug;
		};
		FC9FB2D82BA5605000505491 /* Release */ = {
			isa = XCBuildConfiguration;
			buildSettings = {
				ALWAYS_SEARCH_USER_PATHS = NO;
				ASSETCATALOG_COMPILER_GENERATE_SWIFT_ASSET_SYMBOL_EXTENSIONS = YES;
				CLANG_ANALYZER_NONNULL = YES;
				CLANG_ANALYZER_NUMBER_OBJECT_CONVERSION = YES_AGGRESSIVE;
				CLANG_CXX_LANGUAGE_STANDARD = "gnu++20";
				CLANG_ENABLE_MODULES = YES;
				CLANG_ENABLE_OBJC_ARC = YES;
				CLANG_ENABLE_OBJC_WEAK = YES;
				CLANG_WARN_BLOCK_CAPTURE_AUTORELEASING = YES;
				CLANG_WARN_BOOL_CONVERSION = YES;
				CLANG_WARN_COMMA = YES;
				CLANG_WARN_CONSTANT_CONVERSION = YES;
				CLANG_WARN_DEPRECATED_OBJC_IMPLEMENTATIONS = YES;
				CLANG_WARN_DIRECT_OBJC_ISA_USAGE = YES_ERROR;
				CLANG_WARN_DOCUMENTATION_COMMENTS = YES;
				CLANG_WARN_EMPTY_BODY = YES;
				CLANG_WARN_ENUM_CONVERSION = YES;
				CLANG_WARN_INFINITE_RECURSION = YES;
				CLANG_WARN_INT_CONVERSION = YES;
				CLANG_WARN_NON_LITERAL_NULL_CONVERSION = YES;
				CLANG_WARN_OBJC_IMPLICIT_RETAIN_SELF = YES;
				CLANG_WARN_OBJC_LITERAL_CONVERSION = YES;
				CLANG_WARN_OBJC_ROOT_CLASS = YES_ERROR;
				CLANG_WARN_QUOTED_INCLUDE_IN_FRAMEWORK_HEADER = YES;
				CLANG_WARN_RANGE_LOOP_ANALYSIS = YES;
				CLANG_WARN_STRICT_PROTOTYPES = YES;
				CLANG_WARN_SUSPICIOUS_MOVE = YES;
				CLANG_WARN_UNGUARDED_AVAILABILITY = YES_AGGRESSIVE;
				CLANG_WARN_UNREACHABLE_CODE = YES;
				CLANG_WARN__DUPLICATE_METHOD_MATCH = YES;
				COPY_PHASE_STRIP = NO;
				DEBUG_INFORMATION_FORMAT = "dwarf-with-dsym";
				ENABLE_NS_ASSERTIONS = NO;
				ENABLE_STRICT_OBJC_MSGSEND = YES;
				ENABLE_USER_SCRIPT_SANDBOXING = YES;
				GCC_C_LANGUAGE_STANDARD = gnu17;
				GCC_NO_COMMON_BLOCKS = YES;
				GCC_WARN_64_TO_32_BIT_CONVERSION = YES;
				GCC_WARN_ABOUT_RETURN_TYPE = YES_ERROR;
				GCC_WARN_UNDECLARED_SELECTOR = YES;
				GCC_WARN_UNINITIALIZED_AUTOS = YES_AGGRESSIVE;
				GCC_WARN_UNUSED_FUNCTION = YES;
				GCC_WARN_UNUSED_VARIABLE = YES;
				IPHONEOS_DEPLOYMENT_TARGET = 17.0;
				LOCALIZATION_PREFERS_STRING_CATALOGS = YES;
				MTL_ENABLE_DEBUG_INFO = NO;
				MTL_FAST_MATH = YES;
				SDKROOT = iphoneos;
				SWIFT_COMPILATION_MODE = wholemodule;
				VALIDATE_PRODUCT = YES;
			};
			name = Release;
		};
		FC9FB2DA2BA5605000505491 /* Debug */ = {
			isa = XCBuildConfiguration;
			buildSettings = {
				ASSETCATALOG_COMPILER_APPICON_NAME = AppIcon;
				ASSETCATALOG_COMPILER_GLOBAL_ACCENT_COLOR_NAME = AccentColor;
				CODE_SIGN_STYLE = Automatic;
				CURRENT_PROJECT_VERSION = 1;
				GENERATE_INFOPLIST_FILE = YES;
				INFOPLIST_FILE = "Gallery App/Info.plist";
				INFOPLIST_KEY_UIApplicationSupportsIndirectInputEvents = YES;
				INFOPLIST_KEY_UILaunchStoryboardName = LaunchScreen;
				INFOPLIST_KEY_UIMainStoryboardFile = Main;
				INFOPLIST_KEY_UISupportedInterfaceOrientations_iPad = "UIInterfaceOrientationPortrait UIInterfaceOrientationPortraitUpsideDown UIInterfaceOrientationLandscapeLeft UIInterfaceOrientationLandscapeRight";
				INFOPLIST_KEY_UISupportedInterfaceOrientations_iPhone = "UIInterfaceOrientationPortrait UIInterfaceOrientationLandscapeLeft UIInterfaceOrientationLandscapeRight";
				LD_RUNPATH_SEARCH_PATHS = (
					"$(inherited)",
					"@executable_path/Frameworks",
				);
				MARKETING_VERSION = 1.0;
				PRODUCT_BUNDLE_IDENTIFIER = "com.jevin.galleryApp.Gallery-App";
				PRODUCT_NAME = "$(TARGET_NAME)";
				SUPPORTED_PLATFORMS = "iphoneos iphonesimulator";
				SUPPORTS_MACCATALYST = NO;
				SUPPORTS_MAC_DESIGNED_FOR_IPHONE_IPAD = NO;
				SWIFT_EMIT_LOC_STRINGS = YES;
				SWIFT_VERSION = 5.0;
				TARGETED_DEVICE_FAMILY = "1,2";
			};
			name = Debug;
		};
		FC9FB2DB2BA5605000505491 /* Release */ = {
			isa = XCBuildConfiguration;
			buildSettings = {
				ASSETCATALOG_COMPILER_APPICON_NAME = AppIcon;
				ASSETCATALOG_COMPILER_GLOBAL_ACCENT_COLOR_NAME = AccentColor;
				CODE_SIGN_STYLE = Automatic;
				CURRENT_PROJECT_VERSION = 1;
				GENERATE_INFOPLIST_FILE = YES;
				INFOPLIST_FILE = "Gallery App/Info.plist";
				INFOPLIST_KEY_UIApplicationSupportsIndirectInputEvents = YES;
				INFOPLIST_KEY_UILaunchStoryboardName = LaunchScreen;
				INFOPLIST_KEY_UIMainStoryboardFile = Main;
				INFOPLIST_KEY_UISupportedInterfaceOrientations_iPad = "UIInterfaceOrientationPortrait UIInterfaceOrientationPortraitUpsideDown UIInterfaceOrientationLandscapeLeft UIInterfaceOrientationLandscapeRight";
				INFOPLIST_KEY_UISupportedInterfaceOrientations_iPhone = "UIInterfaceOrientationPortrait UIInterfaceOrientationLandscapeLeft UIInterfaceOrientationLandscapeRight";
				LD_RUNPATH_SEARCH_PATHS = (
					"$(inherited)",
					"@executable_path/Frameworks",
				);
				MARKETING_VERSION = 1.0;
				PRODUCT_BUNDLE_IDENTIFIER = "com.jevin.galleryApp.Gallery-App";
				PRODUCT_NAME = "$(TARGET_NAME)";
				SUPPORTED_PLATFORMS = "iphoneos iphonesimulator";
				SUPPORTS_MACCATALYST = NO;
				SUPPORTS_MAC_DESIGNED_FOR_IPHONE_IPAD = NO;
				SWIFT_EMIT_LOC_STRINGS = YES;
				SWIFT_VERSION = 5.0;
				TARGETED_DEVICE_FAMILY = "1,2";
			};
			name = Release;
		};
/* End XCBuildConfiguration section */

/* Begin XCConfigurationList section */
		FC9FB2BD2BA5604F00505491 /* Build configuration list for PBXProject "Gallery App" */ = {
			isa = XCConfigurationList;
			buildConfigurations = (
				FC9FB2D72BA5605000505491 /* Debug */,
				FC9FB2D82BA5605000505491 /* Release */,
			);
			defaultConfigurationIsVisible = 0;
			defaultConfigurationName = Release;
		};
		FC9FB2D92BA5605000505491 /* Build configuration list for PBXNativeTarget "Gallery App" */ = {
			isa = XCConfigurationList;
			buildConfigurations = (
				FC9FB2DA2BA5605000505491 /* Debug */,
				FC9FB2DB2BA5605000505491 /* Release */,
			);
			defaultConfigurationIsVisible = 0;
			defaultConfigurationName = Release;
		};
/* End XCConfigurationList section */

/* Begin XCVersionGroup section */
		FC9FB2CE2BA5604F00505491 /* Gallery_App.xcdatamodeld */ = {
			isa = XCVersionGroup;
			children = (
				FC9FB2CF2BA5604F00505491 /* Gallery_App.xcdatamodel */,
			);
			currentVersion = FC9FB2CF2BA5604F00505491 /* Gallery_App.xcdatamodel */;
			path = Gallery_App.xcdatamodeld;
			sourceTree = "<group>";
			versionGroupType = wrapper.xcdatamodel;
		};
/* End XCVersionGroup section */
	};
	rootObject = FC9FB2BA2BA5604F00505491 /* Project object */;
}
